
Microsoft Visual Studio Solution File, Format Version 12.00
# Visual Studio Version 18
VisualStudioVersion = 18.5.11716.220 stable
MinimumVisualStudioVersion = 10.0.40219.1
Project("{FAE04EC0-301F-11D3-BF4B-00C04F79EFBC}") = "Agencia_Viajes_ADS", "Agencia_Viajes_ADS.csproj", "{E2BC4871-A6C7-20B4-6274-91C649D59FC1}"
EndProject
Global
	GlobalSection(SolutionConfigurationPlatforms) = preSolution
		Debug|Any CPU = Debug|Any CPU
		Release|Any CPU = Release|Any CPU
	EndGlobalSection
	GlobalSection(ProjectConfigurationPlatforms) = postSolution
		{E2BC4871-A6C7-20B4-6274-91C649D59FC1}.Debug|Any CPU.ActiveCfg = Debug|Any CPU
		{E2BC4871-A6C7-20B4-6274-91C649D59FC1}.Debug|Any CPU.Build.0 = Debug|Any CPU
		{E2BC4871-A6C7-20B4-6274-91C649D59FC1}.Release|Any CPU.ActiveCfg = Release|Any CPU
		{E2BC4871-A6C7-20B4-6274-91C649D59FC1}.Release|Any CPU.Build.0 = Release|Any CPU
	EndGlobalSection
	GlobalSection(SolutionProperties) = preSolution
		HideSolutionNode = FALSE
	EndGlobalSection
	GlobalSection(ExtensibilityGlobals) = postSolution
		SolutionGuid = {9F87D391-FF34-4490-86AC-11FA1DB6D994}
	EndGlobalSection
EndGlobal
